// !$*UTF8*$!
{
	archiveVersion = 1;
	classes = {
	};
	objectVersion = 56;
	objects = {

/* Begin PBXBuildFile section */
		CE4B533429C8654F00B7F9B2 /* Pods_MyTask.framework in Frameworks */ = {isa = PBXBuildFile; fileRef = 41068EFAF3635DE3FEDF5AE4 /* Pods_MyTask.framework */; };
		CE4B533529C8654F00B7F9B2 /* Pods_MyTask.framework in Embed Frameworks */ = {isa = PBXBuildFile; fileRef = 41068EFAF3635DE3FEDF5AE4 /* Pods_MyTask.framework */; settings = {ATTRIBUTES = (CodeSignOnCopy, RemoveHeadersOnCopy, ); }; };
		CE6E160529C823B0006F087A /* AppDelegate.swift in Sources */ = {isa = PBXBuildFile; fileRef = CE6E160429C823B0006F087A /* AppDelegate.swift */; };
		CE6E160729C823B0006F087A /* SceneDelegate.swift in Sources */ = {isa = PBXBuildFile; fileRef = CE6E160629C823B0006F087A /* SceneDelegate.swift */; };
		CE6E160929C823B0006F087A /* ViewController.swift in Sources */ = {isa = PBXBuildFile; fileRef = CE6E160829C823B0006F087A /* ViewController.swift */; };
		CE6E160C29C823B0006F087A /* Main.storyboard in Resources */ = {isa = PBXBuildFile; fileRef = CE6E160A29C823B0006F087A /* Main.storyboard */; };
		CE6E160E29C823B1006F087A /* Assets.xcassets in Resources */ = {isa = PBXBuildFile; fileRef = CE6E160D29C823B1006F087A /* Assets.xcassets */; };
		CE6E161129C823B1006F087A /* LaunchScreen.storyboard in Resources */ = {isa = PBXBuildFile; fileRef = CE6E160F29C823B1006F087A /* LaunchScreen.storyboard */; };
		CE6E161929C82AB0006F087A /* TaskViewController.swift in Sources */ = {isa = PBXBuildFile; fileRef = CE6E161829C82AB0006F087A /* TaskViewController.swift */; };
		CE6E161B29C83CE5006F087A /* UserTable.swift in Sources */ = {isa = PBXBuildFile; fileRef = CE6E161A29C83CE5006F087A /* UserTable.swift */; };
/* End PBXBuildFile section */

/* Begin PBXCopyFilesBuildPhase section */
		CE4B533629C8654F00B7F9B2 /* Embed Frameworks */ = {
			isa = PBXCopyFilesBuildPhase;
			buildActionMask = 2147483647;
			dstPath = "";
			dstSubfolderSpec = 10;
			files = (
				CE4B533529C8654F00B7F9B2 /* Pods_MyTask.framework in Embed Frameworks */,
			);
			name = "Embed Frameworks";
			runOnlyForDeploymentPostprocessing = 0;
		};
/* End PBXCopyFilesBuildPhase section */

/* Begin PBXFileReference section */
		13619425375C7443D7158A1D /* Pods-MyTask.debug.xcconfig */ = {isa = PBXFileReference; includeInIndex = 1; lastKnownFileType = text.xcconfig; name = "Pods-MyTask.debug.xcconfig"; path = "Target Support Files/Pods-MyTask/Pods-MyTask.debug.xcconfig"; sourceTree = "<group>"; };
		41068EFAF3635DE3FEDF5AE4 /* Pods_MyTask.framework */ = {isa = PBXFileReference; explicitFileType = wrapper.framework; includeInIndex = 0; path = Pods_MyTask.framework; sourceTree = BUILT_PRODUCTS_DIR; };
		54F20321BA3D82FD35969AD6 /* Pods-MyTask.release.xcconfig */ = {isa = PBXFileReference; includeInIndex = 1; lastKnownFileType = text.xcconfig; name = "Pods-MyTask.release.xcconfig"; path = "Target Support Files/Pods-MyTask/Pods-MyTask.release.xcconfig"; sourceTree = "<group>"; };
		CE6E160129C823B0006F087A /* MyTask.app */ = {isa = PBXFileReference; explicitFileType = wrapper.application; includeInIndex = 0; path = MyTask.app; sourceTree = BUILT_PRODUCTS_DIR; };
		CE6E160429C823B0006F087A /* AppDelegate.swift */ = {isa = PBXFileReference; lastKnownFileType = sourcecode.swift; path = AppDelegate.swift; sourceTree = "<group>"; };
		CE6E160629C823B0006F087A /* SceneDelegate.swift */ = {isa = PBXFileReference; lastKnownFileType = sourcecode.swift; path = SceneDelegate.swift; sourceTree = "<group>"; };
		CE6E160829C823B0006F087A /* ViewController.swift */ = {isa = PBXFileReference; lastKnownFileType = sourcecode.swift; path = ViewController.swift; sourceTree = "<group>"; };
		CE6E160B29C823B0006F087A /* Base */ = {isa = PBXFileReference; lastKnownFileType = file.storyboard; name = Base; path = Base.lproj/Main.storyboard; sourceTree = "<group>"; };
		CE6E160D29C823B1006F087A /* Assets.xcassets */ = {isa = PBXFileReference; lastKnownFileType = folder.assetcatalog; path = Assets.xcassets; sourceTree = "<group>"; };
		CE6E161029C823B1006F087A /* Base */ = {isa = PBXFileReference; lastKnownFileType = file.storyboard; name = Base; path = Base.lproj/LaunchScreen.storyboard; sourceTree = "<group>"; };
		CE6E161229C823B1006F087A /* Info.plist */ = {isa = PBXFileReference; lastKnownFileType = text.plist.xml; path = Info.plist; sourceTree = "<group>"; };
		CE6E161829C82AB0006F087A /* TaskViewController.swift */ = {isa = PBXFileReference; lastKnownFileType = sourcecode.swift; path = TaskViewController.swift; sourceTree = "<group>"; };
		CE6E161A29C83CE5006F087A /* UserTable.swift */ = {isa = PBXFileReference; lastKnownFileType = sourcecode.swift; path = UserTable.swift; sourceTree = "<group>"; };
/* End PBXFileReference section */

/* Begin PBXFrameworksBuildPhase section */
		CE6E15FE29C823B0006F087A /* Frameworks */ = {
			isa = PBXFrameworksBuildPhase;
			buildActionMask = 2147483647;
			files = (
				CE4B533429C8654F00B7F9B2 /* Pods_MyTask.framework in Frameworks */,
			);
			runOnlyForDeploymentPostprocessing = 0;
		};
/* End PBXFrameworksBuildPhase section */

/* Begin PBXGroup section */
		37F6CADD97ECE6CE3451A236 /* Frameworks */ = {
			isa = PBXGroup;
			children = (
				41068EFAF3635DE3FEDF5AE4 /* Pods_MyTask.framework */,
			);
			name = Frameworks;
			sourceTree = "<group>";
		};
		5DBF8179A482AE890A810820 /* Pods */ = {
			isa = PBXGroup;
			children = (
				13619425375C7443D7158A1D /* Pods-MyTask.debug.xcconfig */,
				54F20321BA3D82FD35969AD6 /* Pods-MyTask.release.xcconfig */,
			);
			path = Pods;
			sourceTree = "<group>";
		};
		CE6E15F829C823B0006F087A = {
			isa = PBXGroup;
			children = (
				CE6E160329C823B0006F087A /* MyTask */,
				CE6E160229C823B0006F087A /* Products */,
				5DBF8179A482AE890A810820 /* Pods */,
				37F6CADD97ECE6CE3451A236 /* Frameworks */,
			);
			sourceTree = "<group>";
		};
		CE6E160229C823B0006F087A /* Products */ = {
			isa = PBXGroup;
			children = (
				CE6E160129C823B0006F087A /* MyTask.app */,
			);
			name = Products;
			sourceTree = "<group>";
		};
		CE6E160329C823B0006F087A /* MyTask */ = {
			isa = PBXGroup;
			children = (
				CE6E160429C823B0006F087A /* AppDelegate.swift */,
				CE6E160629C823B0006F087A /* SceneDelegate.swift */,
				CE6E160829C823B0006F087A /* ViewController.swift */,
				CE6E160A29C823B0006F087A /* Main.storyboard */,
				CE6E161829C82AB0006F087A /* TaskViewController.swift */,
				CE6E160D29C823B1006F087A /* Assets.xcassets */,
				CE6E160F29C823B1006F087A /* LaunchScreen.storyboard */,
				CE6E161229C823B1006F087A /* Info.plist */,
				CE6E161A29C83CE5006F087A /* UserTable.swift */,
			);
			path = MyTask;
			sourceTree = "<group>";
		};
/* End PBXGroup section */

/* Begin PBXNativeTarget section */
		CE6E160029C823B0006F087A /* MyTask */ = {
			isa = PBXNativeTarget;
			buildConfigurationList = CE6E161529C823B1006F087A /* Build configuration list for PBXNativeTarget "MyTask" */;
			buildPhases = (
				DA08FC1EF3E1FE4FE1EDDF86 /* [CP] Check Pods Manifest.lock */,
				CE6E15FD29C823B0006F087A /* Sources */,
				CE6E15FE29C823B0006F087A /* Frameworks */,
				CE6E15FF29C823B0006F087A /* Resources */,
				602CD746B0DD7DDC65707613 /* [CP] Embed Pods Frameworks */,
				CE4B533629C8654F00B7F9B2 /* Embed Frameworks */,
			);
			buildRules = (
			);
			dependencies = (
			);
			name = MyTask;
			productName = MyTask;
			productReference = CE6E160129C823B0006F087A /* MyTask.app */;
			productType = "com.apple.product-type.application";
		};
/* End PBXNativeTarget section */

/* Begin PBXProject section */
		CE6E15F929C823B0006F087A /* Project object */ = {
			isa = PBXProject;
			attributes = {
				BuildIndependentTargetsInParallel = 1;
				LastSwiftUpdateCheck = 1420;
				LastUpgradeCheck = 1420;
				TargetAttributes = {
					CE6E160029C823B0006F087A = {
						CreatedOnToolsVersion = 14.2;
					};
				};
			};
			buildConfigurationList = CE6E15FC29C823B0006F087A /* Build configuration list for PBXProject "MyTask" */;
			compatibilityVersion = "Xcode 14.0";
			developmentRegion = en;
			hasScannedForEncodings = 0;
			knownRegions = (
				en,
				Base,
			);
			mainGroup = CE6E15F829C823B0006F087A;
			productRefGroup = CE6E160229C823B0006F087A /* Products */;
			projectDirPath = "";
			projectRoot = "";
			targets = (
				CE6E160029C823B0006F087A /* MyTask */,
			);
		};
/* End PBXProject section */

/* Begin PBXResourcesBuildPhase section */
		CE6E15FF29C823B0006F087A /* Resources */ = {
			isa = PBXResourcesBuildPhase;
			buildActionMask = 2147483647;
			files = (
				CE6E161129C823B1006F087A /* LaunchScreen.storyboard in Resources */,
				CE6E160E29C823B1006F087A /* Assets.xcassets in Resources */,
				CE6E160C29C823B0006F087A /* Main.storyboard in Resources */,
			);
			runOnlyForDeploymentPostprocessing = 0;
		};
/* End PBXResourcesBuildPhase section */

/* Begin PBXShellScriptBuildPhase section */
		602CD746B0DD7DDC65707613 /* [CP] Embed Pods Frameworks */ = {
			isa = PBXShellScriptBuildPhase;
			buildActionMask = 2147483647;
			files = (
			);
			inputFileListPaths = (
				"${PODS_ROOT}/Target Support Files/Pods-MyTask/Pods-MyTask-frameworks-${CONFIGURATION}-input-files.xcfilelist",
			);
			name = "[CP] Embed Pods Frameworks";
			outputFileListPaths = (
				"${PODS_ROOT}/Target Support Files/Pods-MyTask/Pods-MyTask-frameworks-${CONFIGURATION}-output-files.xcfilelist",
			);
			runOnlyForDeploymentPostprocessing = 0;
			shellPath = /bin/sh;
			shellScript = "\"${PODS_ROOT}/Target Support Files/Pods-MyTask/Pods-MyTask-frameworks.sh\"\n";
			showEnvVarsInLog = 0;
		};
		DA08FC1EF3E1FE4FE1EDDF86 /* [CP] Check Pods Manifest.lock */ = {
			isa = PBXShellScriptBuildPhase;
			buildActionMask = 2147483647;
			files = (
			);
			inputFileListPaths = (
			);
			inputPaths = (
				"${PODS_PODFILE_DIR_PATH}/Podfile.lock",
				"${PODS_ROOT}/Manifest.lock",
			);
			name = "[CP] Check Pods Manifest.lock";
			outputFileListPaths = (
			);
			outputPaths = (
				"$(DERIVED_FILE_DIR)/Pods-MyTask-checkManifestLockResult.txt",
			);
			runOnlyForDeploymentPostprocessing = 0;
			shellPath = /bin/sh;
			shellScript = "diff \"${PODS_PODFILE_DIR_PATH}/Podfile.lock\" \"${PODS_ROOT}/Manifest.lock\" > /dev/null\nif [ $? != 0 ] ; then\n    # print error to STDERR\n    echo \"error: The sandbox is not in sync with the Podfile.lock. Run 'pod install' or update your CocoaPods installation.\" >&2\n    exit 1\nfi\n# This output is used by Xcode 'outputs' to avoid re-running this script phase.\necho \"SUCCESS\" > \"${SCRIPT_OUTPUT_FILE_0}\"\n";
			showEnvVarsInLog = 0;
		};
/* End PBXShellScriptBuildPhase section */

/* Begin PBXSourcesBuildPhase section */
		CE6E15FD29C823B0006F087A /* Sources */ = {
			isa = PBXSourcesBuildPhase;
			buildActionMask = 2147483647;
			files = (
				CE6E161B29C83CE5006F087A /* UserTable.swift in Sources */,
				CE6E160929C823B0006F087A /* ViewController.swift in Sources */,
				CE6E161929C82AB0006F087A /* TaskViewController.swift in Sources */,
				CE6E160529C823B0006F087A /* AppDelegate.swift in Sources */,
				CE6E160729C823B0006F087A /* SceneDelegate.swift in Sources */,
			);
			runOnlyForDeploymentPostprocessing = 0;
		};
/* End PBXSourcesBuildPhase section */

/* Begin PBXVariantGroup section */
		CE6E160A29C823B0006F087A /* Main.storyboard */ = {
			isa = PBXVariantGroup;
			children = (
				CE6E160B29C823B0006F087A /* Base */,
			);
			name = Main.storyboard;
			sourceTree = "<group>";
		};
		CE6E160F29C823B1006F087A /* LaunchScreen.storyboard */ = {
			isa = PBXVariantGroup;
			children = (
				CE6E161029C823B1006F087A /* Base */,
			);
			name = LaunchScreen.storyboard;
			sourceTree = "<group>";
		};
/* End PBXVariantGroup section */

/* Begin XCBuildConfiguration section */
		CE6E161329C823B1006F087A /* Debug */ = {
			isa = XCBuildConfiguration;
			buildSettings = {
				ALWAYS_SEARCH_USER_PATHS = NO;
				CLANG_ANALYZER_NONNULL = YES;
				CLANG_ANALYZER_NUMBER_OBJECT_CONVERSION = YES_AGGRESSIVE;
				CLANG_CXX_LANGUAGE_STANDARD = "gnu++20";
				CLANG_ENABLE_MODULES = YES;
				CLANG_ENABLE_OBJC_ARC = YES;
				CLANG_ENABLE_OBJC_WEAK = YES;
				CLANG_WARN_BLOCK_CAPTURE_AUTORELEASING = YES;
				CLANG_WARN_BOOL_CONVERSION = YES;
				CLANG_WARN_COMMA = YES;
				CLANG_WARN_CONSTANT_CONVERSION = YES;
				CLANG_WARN_DEPRECATED_OBJC_IMPLEMENTATIONS = YES;
				CLANG_WARN_DIRECT_OBJC_ISA_USAGE = YES_ERROR;
				CLANG_WARN_DOCUMENTATION_COMMENTS = YES;
				CLANG_WARN_EMPTY_BODY = YES;
				CLANG_WARN_ENUM_CONVERSION = YES;
				CLANG_WARN_INFINITE_RECURSION = YES;
				CLANG_WARN_INT_CONVERSION = YES;
				CLANG_WARN_NON_LITERAL_NULL_CONVERSION = YES;
				CLANG_WARN_OBJC_IMPLICIT_RETAIN_SELF = YES;
				CLANG_WARN_OBJC_LITERAL_CONVERSION = YES;
				CLANG_WARN_OBJC_ROOT_CLASS = YES_ERROR;
				CLANG_WARN_QUOTED_INCLUDE_IN_FRAMEWORK_HEADER = YES;
				CLANG_WARN_RANGE_LOOP_ANALYSIS = YES;
				CLANG_WARN_STRICT_PROTOTYPES = YES;
				CLANG_WARN_SUSPICIOUS_MOVE = YES;
				CLANG_WARN_UNGUARDED_AVAILABILITY = YES_AGGRESSIVE;
				CLANG_WARN_UNREACHABLE_CODE = YES;
				CLANG_WARN__DUPLICATE_METHOD_MATCH = YES;
				COPY_PHASE_STRIP = NO;
				DEBUG_INFORMATION_FORMAT = dwarf;
				ENABLE_STRICT_OBJC_MSGSEND = YES;
				ENABLE_TESTABILITY = YES;
				GCC_C_LANGUAGE_STANDARD = gnu11;
				GCC_DYNAMIC_NO_PIC = NO;
				GCC_NO_COMMON_BLOCKS = YES;
				GCC_OPTIMIZATION_LEVEL = 0;
				GCC_PREPROCESSOR_DEFINITIONS = (
					"DEBUG=1",
					"$(inherited)",
				);
				GCC_WARN_64_TO_32_BIT_CONVERSION = YES;
				GCC_WARN_ABOUT_RETURN_TYPE = YES_ERROR;
				GCC_WARN_UNDECLARED_SELECTOR = YES;
				GCC_WARN_UNINITIALIZED_AUTOS = YES_AGGRESSIVE;
				GCC_WARN_UNUSED_FUNCTION = YES;
				GCC_WARN_UNUSED_VARIABLE = YES;
				IPHONEOS_DEPLOYMENT_TARGET = 16.2;
				MTL_ENABLE_DEBUG_INFO = INCLUDE_SOURCE;
				MTL_FAST_MATH = YES;
				ONLY_ACTIVE_ARCH = YES;
				SDKROOT = iphoneos;
				SWIFT_ACTIVE_COMPILATION_CONDITIONS = DEBUG;
				SWIFT_OPTIMIZATION_LEVEL = "-Onone";
			};
			name = Debug;
		};
		CE6E161429C823B1006F087A /* Release */ = {
			isa = XCBuildConfiguration;
			buildSettings = {
				ALWAYS_SEARCH_USER_PATHS = NO;
				CLANG_ANALYZER_NONNULL = YES;
				CLANG_ANALYZER_NUMBER_OBJECT_CONVERSION = YES_AGGRESSIVE;
				CLANG_CXX_LANGUAGE_STANDARD = "gnu++20";
				CLANG_ENABLE_MODULES = YES;
				CLANG_ENABLE_OBJC_ARC = YES;
				CLANG_ENABLE_OBJC_WEAK = YES;
				CLANG_WARN_BLOCK_CAPTURE_AUTORELEASING = YES;
				CLANG_WARN_BOOL_CONVERSION = YES;
				CLANG_WARN_COMMA = YES;
				CLANG_WARN_CONSTANT_CONVERSION = YES;
				CLANG_WARN_DEPRECATED_OBJC_IMPLEMENTATIONS = YES;
				CLANG_WARN_DIRECT_OBJC_ISA_USAGE = YES_ERROR;
				CLANG_WARN_DOCUMENTATION_COMMENTS = YES;
				CLANG_WARN_EMPTY_BODY = YES;
				CLANG_WARN_ENUM_CONVERSION = YES;
				CLANG_WARN_INFINITE_RECURSION = YES;
				CLANG_WARN_INT_CONVERSION = YES;
				CLANG_WARN_NON_LITERAL_NULL_CONVERSION = YES;
				CLANG_WARN_OBJC_IMPLICIT_RETAIN_SELF = YES;
				CLANG_WARN_OBJC_LITERAL_CONVERSION = YES;
				CLANG_WARN_OBJC_ROOT_CLASS = YES_ERROR;
				CLANG_WARN_QUOTED_INCLUDE_IN_FRAMEWORK_HEADER = YES;
				CLANG_WARN_RANGE_LOOP_ANALYSIS = YES;
				CLANG_WARN_STRICT_PROTOTYPES = YES;
				CLANG_WARN_SUSPICIOUS_MOVE = YES;
				CLANG_WARN_UNGUARDED_AVAILABILITY = YES_AGGRESSIVE;
				CLANG_WARN_UNREACHABLE_CODE = YES;
				CLANG_WARN__DUPLICATE_METHOD_MATCH = YES;
				COPY_PHASE_STRIP = NO;
				DEBUG_INFORMATION_FORMAT = "dwarf-with-dsym";
				ENABLE_NS_ASSERTIONS = NO;
				ENABLE_STRICT_OBJC_MSGSEND = YES;
				GCC_C_LANGUAGE_STANDARD = gnu11;
				GCC_NO_COMMON_BLOCKS = YES;
				GCC_WARN_64_TO_32_BIT_CONVERSION = YES;
				GCC_WARN_ABOUT_RETURN_TYPE = YES_ERROR;
				GCC_WARN_UNDECLARED_SELECTOR = YES;
				GCC_WARN_UNINITIALIZED_AUTOS = YES_AGGRESSIVE;
				GCC_WARN_UNUSED_FUNCTION = YES;
				GCC_WARN_UNUSED_VARIABLE = YES;
				IPHONEOS_DEPLOYMENT_TARGET = 16.2;
				MTL_ENABLE_DEBUG_INFO = NO;
				MTL_FAST_MATH = YES;
				SDKROOT = iphoneos;
				SWIFT_COMPILATION_MODE = wholemodule;
				SWIFT_OPTIMIZATION_LEVEL = "-O";
				VALIDATE_PRODUCT = YES;
			};
			name = Release;
		};
		CE6E161629C823B1006F087A /* Debug */ = {
			isa = XCBuildConfiguration;
			baseConfigurationReference = 13619425375C7443D7158A1D /* Pods-MyTask.debug.xcconfig */;
			buildSettings = {
				ASSETCATALOG_COMPILER_APPICON_NAME = AppIcon;
				ASSETCATALOG_COMPILER_GLOBAL_ACCENT_COLOR_NAME = AccentColor;
				CODE_SIGN_IDENTITY = "Apple Development: fuwari.lovablecat0110@docomo.ne.jp (T4NDGNFPCJ)";
				CODE_SIGN_STYLE = Manual;
				CURRENT_PROJECT_VERSION = 1;
				DEVELOPMENT_TEAM = RKHNP2A6C6;
				GENERATE_INFOPLIST_FILE = YES;
				INFOPLIST_FILE = MyTask/Info.plist;
				INFOPLIST_KEY_UIApplicationSupportsIndirectInputEvents = YES;
				INFOPLIST_KEY_UILaunchStoryboardName = LaunchScreen;
				INFOPLIST_KEY_UIMainStoryboardFile = Main;
				INFOPLIST_KEY_UISupportedInterfaceOrientations_iPad = "UIInterfaceOrientationPortrait UIInterfaceOrientationPortraitUpsideDown UIInterfaceOrientationLandscapeLeft UIInterfaceOrientationLandscapeRight";
				INFOPLIST_KEY_UISupportedInterfaceOrientations_iPhone = "UIInterfaceOrientationPortrait UIInterfaceOrientationLandscapeLeft UIInterfaceOrientationLandscapeRight";
				LD_RUNPATH_SEARCH_PATHS = (
					"$(inherited)",
					"@executable_path/Frameworks",
				);
				MARKETING_VERSION = 1.0;
				PRODUCT_BUNDLE_IDENTIFIER = "Swift-Beginners.MyTask";
				PRODUCT_NAME = "$(TARGET_NAME)";
				SWIFT_EMIT_LOC_STRINGS = YES;
				SWIFT_VERSION = 5.0;
				TARGETED_DEVICE_FAMILY = "1,2";
			};
			name = Debug;
		};
		CE6E161729C823B1006F087A /* Release */ = {
			isa = XCBuildConfiguration;
			baseConfigurationReference = 54F20321BA3D82FD35969AD6 /* Pods-MyTask.release.xcconfig */;
			buildSettings = {
				ASSETCATALOG_COMPILER_APPICON_NAME = AppIcon;
				ASSETCATALOG_COMPILER_GLOBAL_ACCENT_COLOR_NAME = AccentColor;
				CODE_SIGN_IDENTITY = "Apple Development: fuwari.lovablecat0110@docomo.ne.jp (T4NDGNFPCJ)";
				CODE_SIGN_STYLE = Manual;
				CURRENT_PROJECT_VERSION = 1;
				DEVELOPMENT_TEAM = RKHNP2A6C6;
				GENERATE_INFOPLIST_FILE = YES;
				INFOPLIST_FILE = MyTask/Info.plist;
				INFOPLIST_KEY_UIApplicationSupportsIndirectInputEvents = YES;
				INFOPLIST_KEY_UILaunchStoryboardName = LaunchScreen;
				INFOPLIST_KEY_UIMainStoryboardFile = Main;
				INFOPLIST_KEY_UISupportedInterfaceOrientations_iPad = "UIInterfaceOrientationPortrait UIInterfaceOrientationPortraitUpsideDown UIInterfaceOrientationLandscapeLeft UIInterfaceOrientationLandscapeRight";
				INFOPLIST_KEY_UISupportedInterfaceOrientations_iPhone = "UIInterfaceOrientationPortrait UIInterfaceOrientationLandscapeLeft UIInterfaceOrientationLandscapeRight";
				LD_RUNPATH_SEARCH_PATHS = (
					"$(inherited)",
					"@executable_path/Frameworks",
				);
				MARKETING_VERSION = 1.0;
				PRODUCT_BUNDLE_IDENTIFIER = "Swift-Beginners.MyTask";
				PRODUCT_NAME = "$(TARGET_NAME)";
				SWIFT_EMIT_LOC_STRINGS = YES;
				SWIFT_VERSION = 5.0;
				TARGETED_DEVICE_FAMILY = "1,2";
			};
			name = Release;
		};
/* End XCBuildConfiguration section */

/* Begin XCConfigurationList section */
		CE6E15FC29C823B0006F087A /* Build configuration list for PBXProject "MyTask" */ = {
			isa = XCConfigurationList;
			buildConfigurations = (
				CE6E161329C823B1006F087A /* Debug */,
				CE6E161429C823B1006F087A /* Release */,
			);
			defaultConfigurationIsVisible = 0;
			defaultConfigurationName = Release;
		};
		CE6E161529C823B1006F087A /* Build configuration list for PBXNativeTarget "MyTask" */ = {
			isa = XCConfigurationList;
			buildConfigurations = (
				CE6E161629C823B1006F087A /* Debug */,
				CE6E161729C823B1006F087A /* Release */,
			);
			defaultConfigurationIsVisible = 0;
			defaultConfigurationName = Release;
		};
/* End XCConfigurationList section */
	};
	rootObject = CE6E15F929C823B0006F087A /* Project object */;
}
